
Microsoft Visual Studio Solution File, Format Version 12.00
# Visual Studio Version 17
VisualStudioVersion = 17.8.34316.72
MinimumVisualStudioVersion = 10.0.40219.1
Project("{9A19103F-16F7-4668-BE54-9A1E7A4F7556}") = "MVCWebApp", "MVCWebApp\MVCWebApp.csproj", "{8D9B7F84-2009-4471-B52D-4204E7E20448}"
EndProject
Project("{FAE04EC0-301F-11D3-BF4B-00C04F79EFBC}") = "ManyaffClient", "ManyaffClient\ManyaffClient.csproj", "{AC09E77D-2BE1-4E91-BA8D-774FBE779C79}"
EndProject
Project("{FAE04EC0-301F-11D3-BF4B-00C04F79EFBC}") = "ManyaffClientTests", "ManyaffClientTests\ManyaffClientTests.csproj", "{389633F0-332A-4768-A27B-A42CC697302C}"
EndProject
Global
	GlobalSection(SolutionConfigurationPlatforms) = preSolution
		Debug|Any CPU = Debug|Any CPU
		Release|Any CPU = Release|Any CPU
	EndGlobalSection
	GlobalSection(ProjectConfigurationPlatforms) = postSolution
		{8D9B7F84-2009-4471-B52D-4204E7E20448}.Debug|Any CPU.ActiveCfg = Debug|Any CPU
		{8D9B7F84-2009-4471-B52D-4204E7E20448}.Debug|Any CPU.Build.0 = Debug|Any CPU
		{8D9B7F84-2009-4471-B52D-4204E7E20448}.Release|Any CPU.ActiveCfg = Release|Any CPU
		{8D9B7F84-2009-4471-B52D-4204E7E20448}.Release|Any CPU.Build.0 = Release|Any CPU
		{AC09E77D-2BE1-4E91-BA8D-774FBE779C79}.Debug|Any CPU.ActiveCfg = Debug|Any CPU
		{AC09E77D-2BE1-4E91-BA8D-774FBE779C79}.Debug|Any CPU.Build.0 = Debug|Any CPU
		{AC09E77D-2BE1-4E91-BA8D-774FBE779C79}.Release|Any CPU.ActiveCfg = Release|Any CPU
		{AC09E77D-2BE1-4E91-BA8D-774FBE779C79}.Release|Any CPU.Build.0 = Release|Any CPU
		{389633F0-332A-4768-A27B-A42CC697302C}.Debug|Any CPU.ActiveCfg = Debug|Any CPU
		{389633F0-332A-4768-A27B-A42CC697302C}.Debug|Any CPU.Build.0 = Debug|Any CPU
		{389633F0-332A-4768-A27B-A42CC697302C}.Release|Any CPU.ActiveCfg = Release|Any CPU
		{389633F0-332A-4768-A27B-A42CC697302C}.Release|Any CPU.Build.0 = Release|Any CPU
	EndGlobalSection
	GlobalSection(SolutionProperties) = preSolution
		HideSolutionNode = FALSE
	EndGlobalSection
	GlobalSection(ExtensibilityGlobals) = postSolution
		SolutionGuid = {AAA37C39-0708-45AA-A793-5A97DE4410B2}
	EndGlobalSection
EndGlobal
